{
  "name": "cdk",
  "version": "0.1.0",
  "lockfileVersion": 1,
  "requires": true,
  "dependencies": {
    "@aws-cdk/assets": {
      "version": "1.4.0",
      "resolved": "https://registry.npmjs.org/@aws-cdk/assets/-/assets-1.4.0.tgz",
      "integrity": "sha512-1ex+KCNvkPf+DCfLUGr4oHD8q8mBOjjkp063ETglFHrXANoFX2nYOoIPrHvZ1MZNNluwaXwm3JWcyhFgAPf0uA==",
      "requires": {
        "@aws-cdk/core": "^1.4.0",
        "@aws-cdk/cx-api": "^1.4.0",
        "minimatch": "^3.0.4"
      },
      "dependencies": {
        "balanced-match": {
          "version": "1.0.0",
          "bundled": true
        },
        "brace-expansion": {
          "version": "1.1.11",
          "bundled": true,
          "requires": {
            "balanced-match": "^1.0.0",
            "concat-map": "0.0.1"
          }
        },
        "concat-map": {
          "version": "0.0.1",
          "bundled": true
        },
        "minimatch": {
          "version": "3.0.4",
          "bundled": true,
          "requires": {
            "brace-expansion": "^1.1.7"
          }
        }
      }
    },
    "@aws-cdk/aws-cloudformation": {
      "version": "1.4.0",
      "resolved": "https://registry.npmjs.org/@aws-cdk/aws-cloudformation/-/aws-cloudformation-1.4.0.tgz",
      "integrity": "sha512-xXJL0CmkgMYarDxL1SCzdR6eZHdOlRJndBjFJYBVZ8bQZweksV6lC2k3HoqKIzjF2fl9gTjV5MpcJI/xBFJt+Q==",
      "requires": {
        "@aws-cdk/aws-iam": "^1.4.0",
        "@aws-cdk/aws-lambda": "^1.4.0",
        "@aws-cdk/aws-sns": "^1.4.0",
        "@aws-cdk/core": "^1.4.0"
      }
    },
    "@aws-cdk/aws-cloudwatch": {
      "version": "1.4.0",
      "resolved": "https://registry.npmjs.org/@aws-cdk/aws-cloudwatch/-/aws-cloudwatch-1.4.0.tgz",
      "integrity": "sha512-hRC3iSIpanAaCCPiJ2hbk77LsSfIhLjSS52fxkaRpn7Uz0ouSuxIifEaEDb0GZxAjzB0dVIN76RG5Ncwt4wPGQ==",
      "requires": {
        "@aws-cdk/aws-iam": "^1.4.0",
        "@aws-cdk/core": "^1.4.0"
      }
    },
    "@aws-cdk/aws-codebuild": {
      "version": "1.4.0",
      "resolved": "https://registry.npmjs.org/@aws-cdk/aws-codebuild/-/aws-codebuild-1.4.0.tgz",
      "integrity": "sha512-6LO19AvB/sycIaI6mUdaW18/TnvKgvb92VXr12oB79+oxeoKcCgTqDylea0M+70Z57SxSkqpdQQB9x4qcPbSzg==",
      "requires": {
        "@aws-cdk/assets": "^1.4.0",
        "@aws-cdk/aws-cloudwatch": "^1.4.0",
        "@aws-cdk/aws-codecommit": "^1.4.0",
        "@aws-cdk/aws-ec2": "^1.4.0",
        "@aws-cdk/aws-ecr": "^1.4.0",
        "@aws-cdk/aws-ecr-assets": "^1.4.0",
        "@aws-cdk/aws-events": "^1.4.0",
        "@aws-cdk/aws-iam": "^1.4.0",
        "@aws-cdk/aws-kms": "^1.4.0",
        "@aws-cdk/aws-s3": "^1.4.0",
        "@aws-cdk/aws-s3-assets": "^1.4.0",
        "@aws-cdk/aws-secretsmanager": "^1.4.0",
        "@aws-cdk/core": "^1.4.0"
      }
    },
    "@aws-cdk/aws-codecommit": {
      "version": "1.4.0",
      "resolved": "https://registry.npmjs.org/@aws-cdk/aws-codecommit/-/aws-codecommit-1.4.0.tgz",
      "integrity": "sha512-sq24gSo9wJY2p49BoSoD8R4H43kMVJEIfx+5QQqyK1NtJQ91OwCz7xAgPkxnhhWwnrbjNAKmEHwBwm7FR1mxrw==",
      "requires": {
        "@aws-cdk/aws-events": "^1.4.0",
        "@aws-cdk/aws-iam": "^1.4.0",
        "@aws-cdk/core": "^1.4.0"
      }
    },
    "@aws-cdk/aws-ec2": {
      "version": "1.4.0",
      "resolved": "https://registry.npmjs.org/@aws-cdk/aws-ec2/-/aws-ec2-1.4.0.tgz",
      "integrity": "sha512-0IPHnNH4FyvSqrnv4Jwhgk8KhTBLdj8WPYNuW9DNaTnZnvfNJGsB7MaJJrcurm61tJYU3ZX/kGLSdYU61CDjhw==",
      "requires": {
        "@aws-cdk/aws-cloudwatch": "^1.4.0",
        "@aws-cdk/aws-iam": "^1.4.0",
        "@aws-cdk/aws-ssm": "^1.4.0",
        "@aws-cdk/core": "^1.4.0",
        "@aws-cdk/cx-api": "^1.4.0"
      }
    },
    "@aws-cdk/aws-ecr": {
      "version": "1.4.0",
      "resolved": "https://registry.npmjs.org/@aws-cdk/aws-ecr/-/aws-ecr-1.4.0.tgz",
      "integrity": "sha512-9/xBhVYJXUNRbkrT2T9CXlPzdhcUAAVD9yMLGLRzEVGoyplcEXHQhz1kHek8EB6EMYKa4j7ryg1i6LqIrylBkg==",
      "requires": {
        "@aws-cdk/aws-events": "^1.4.0",
        "@aws-cdk/aws-iam": "^1.4.0",
        "@aws-cdk/core": "^1.4.0"
      }
    },
    "@aws-cdk/aws-ecr-assets": {
      "version": "1.4.0",
      "resolved": "https://registry.npmjs.org/@aws-cdk/aws-ecr-assets/-/aws-ecr-assets-1.4.0.tgz",
      "integrity": "sha512-0i7wwzz5BSvOOxGwzgeSRZ7VwCr/WmPzlpJwYuCWCddAJBCJGNeqGd99nlZ78R+7OgcXkbJSza3eF17eyVtaaQ==",
      "requires": {
        "@aws-cdk/assets": "^1.4.0",
        "@aws-cdk/aws-cloudformation": "^1.4.0",
        "@aws-cdk/aws-ecr": "^1.4.0",
        "@aws-cdk/aws-iam": "^1.4.0",
        "@aws-cdk/aws-lambda": "^1.4.0",
        "@aws-cdk/aws-s3": "^1.4.0",
        "@aws-cdk/core": "^1.4.0",
        "@aws-cdk/cx-api": "^1.4.0"
      }
    },
    "@aws-cdk/aws-events": {
      "version": "1.4.0",
      "resolved": "https://registry.npmjs.org/@aws-cdk/aws-events/-/aws-events-1.4.0.tgz",
      "integrity": "sha512-yKMyWudGjSHeqFEvQVbTOOqz2TsOL6nz3uXqB3LWfJDL15u9vn9bu4aRhw3X6jGDmNjhpF4ovI4yns3sfIOfMg==",
      "requires": {
        "@aws-cdk/aws-iam": "^1.4.0",
        "@aws-cdk/core": "^1.4.0"
      }
    },
    "@aws-cdk/aws-iam": {
      "version": "1.4.0",
      "resolved": "https://registry.npmjs.org/@aws-cdk/aws-iam/-/aws-iam-1.4.0.tgz",
      "integrity": "sha512-rMG3p9pn6uFrFWc9/CiCDDm4LOmme7Hx1k4WhLGuJDs9EHBNulX1EBRuypWJOppFvUU1CFPkhI7uXGwyRZkCuA==",
      "requires": {
        "@aws-cdk/core": "^1.4.0",
        "@aws-cdk/region-info": "^1.4.0"
      }
    },
    "@aws-cdk/aws-kms": {
      "version": "1.4.0",
      "resolved": "https://registry.npmjs.org/@aws-cdk/aws-kms/-/aws-kms-1.4.0.tgz",
      "integrity": "sha512-16psFUNhFmlch2Lpr96Kp9mjSqZU11i7FJ6nUz+cLE5UTlK1Bs6MY1eN9TcKX53KYU+n/gTpuDdt3voOBhvcJg==",
      "requires": {
        "@aws-cdk/aws-iam": "^1.4.0",
        "@aws-cdk/core": "^1.4.0"
      }
    },
    "@aws-cdk/aws-lambda": {
      "version": "1.4.0",
      "resolved": "https://registry.npmjs.org/@aws-cdk/aws-lambda/-/aws-lambda-1.4.0.tgz",
      "integrity": "sha512-BbDLUP7YYu5SFZg0Srwj0sgr69EH++o5Hcpp1rOApIrKLaMkZPnhxZJKhAVtumJiKs7T1krnohusWK987PAYPA==",
      "requires": {
        "@aws-cdk/aws-cloudwatch": "^1.4.0",
        "@aws-cdk/aws-ec2": "^1.4.0",
        "@aws-cdk/aws-events": "^1.4.0",
        "@aws-cdk/aws-iam": "^1.4.0",
        "@aws-cdk/aws-logs": "^1.4.0",
        "@aws-cdk/aws-s3": "^1.4.0",
        "@aws-cdk/aws-s3-assets": "^1.4.0",
        "@aws-cdk/aws-sqs": "^1.4.0",
        "@aws-cdk/core": "^1.4.0",
        "@aws-cdk/cx-api": "^1.4.0"
      }
    },
    "@aws-cdk/aws-logs": {
      "version": "1.4.0",
      "resolved": "https://registry.npmjs.org/@aws-cdk/aws-logs/-/aws-logs-1.4.0.tgz",
      "integrity": "sha512-XwkICm5SnLmPtktpKvXDsABWd/+ZpgciWMmZh+bli2ekvdXQR3XDCcfyp1LOauAgI8ojfcz3AsOiN25KeIXfBg==",
      "requires": {
        "@aws-cdk/aws-cloudwatch": "^1.4.0",
        "@aws-cdk/aws-iam": "^1.4.0",
        "@aws-cdk/core": "^1.4.0"
      }
    },
    "@aws-cdk/aws-s3": {
      "version": "1.4.0",
      "resolved": "https://registry.npmjs.org/@aws-cdk/aws-s3/-/aws-s3-1.4.0.tgz",
      "integrity": "sha512-2I6kS0EwcViYGu/gC5A4wSU9O33n5Mcj0gpIW2fIAyZ3liG72OvwsYWS017hqu8iyGx6Nyt88dqHgsbivOsFgw==",
      "requires": {
        "@aws-cdk/aws-events": "^1.4.0",
        "@aws-cdk/aws-iam": "^1.4.0",
        "@aws-cdk/aws-kms": "^1.4.0",
        "@aws-cdk/core": "^1.4.0"
      }
    },
    "@aws-cdk/aws-s3-assets": {
      "version": "1.4.0",
      "resolved": "https://registry.npmjs.org/@aws-cdk/aws-s3-assets/-/aws-s3-assets-1.4.0.tgz",
      "integrity": "sha512-qMKCgnyS+8HfiGH7bJTw6XIfnXHsmJQy7E+U/86bdStPuoXSIuYjJlouryKUAOVXmQHrwl5aB3WrLOIO8g14pA==",
      "requires": {
        "@aws-cdk/assets": "^1.4.0",
        "@aws-cdk/aws-iam": "^1.4.0",
        "@aws-cdk/aws-s3": "^1.4.0",
        "@aws-cdk/core": "^1.4.0",
        "@aws-cdk/cx-api": "^1.4.0"
      }
    },
    "@aws-cdk/aws-secretsmanager": {
      "version": "1.4.0",
      "resolved": "https://registry.npmjs.org/@aws-cdk/aws-secretsmanager/-/aws-secretsmanager-1.4.0.tgz",
      "integrity": "sha512-tAo4lg9DVBttKZsS5KvBbJI1kTYxvUtqXhJtBwVZVT4wuUD1m/WLDQW2CNlH1FPt1/hMwFkGQJOJt1QrEZgcOg==",
      "requires": {
        "@aws-cdk/aws-ec2": "^1.4.0",
        "@aws-cdk/aws-iam": "^1.4.0",
        "@aws-cdk/aws-kms": "^1.4.0",
        "@aws-cdk/aws-lambda": "^1.4.0",
        "@aws-cdk/core": "^1.4.0"
      }
    },
    "@aws-cdk/aws-sns": {
      "version": "1.4.0",
      "resolved": "https://registry.npmjs.org/@aws-cdk/aws-sns/-/aws-sns-1.4.0.tgz",
      "integrity": "sha512-J8seqFnNpcpb1c60ocVogFL0ziQdP1aFrT3Q/wM26LscEIXOpmy6YLo9I9Bn2kr4nHXXczMvcCCXDEWslqab+g==",
      "requires": {
        "@aws-cdk/aws-cloudwatch": "^1.4.0",
        "@aws-cdk/aws-events": "^1.4.0",
        "@aws-cdk/aws-iam": "^1.4.0",
        "@aws-cdk/core": "^1.4.0"
      }
    },
    "@aws-cdk/aws-sqs": {
      "version": "1.4.0",
      "resolved": "https://registry.npmjs.org/@aws-cdk/aws-sqs/-/aws-sqs-1.4.0.tgz",
      "integrity": "sha512-ygEYP1N9FiNrarSSHE0flzfo3gcnljDioA5AZFuByRnUpzNH4FPXASEFpVW+VID8FHcSYAnJO5c+RPYYdexgVg==",
      "requires": {
        "@aws-cdk/aws-cloudwatch": "^1.4.0",
        "@aws-cdk/aws-iam": "^1.4.0",
        "@aws-cdk/aws-kms": "^1.4.0",
        "@aws-cdk/core": "^1.4.0"
      }
    },
    "@aws-cdk/aws-ssm": {
      "version": "1.4.0",
      "resolved": "https://registry.npmjs.org/@aws-cdk/aws-ssm/-/aws-ssm-1.4.0.tgz",
      "integrity": "sha512-bS9ZxHrCjGysCdqTyUSlrxD/XC9cIb873nd19vTdGH9+wu9RA6RKF5XP79UJqP9alf7fVwJqRBySrnSSI7StnA==",
      "requires": {
        "@aws-cdk/aws-iam": "^1.4.0",
        "@aws-cdk/core": "^1.4.0",
        "@aws-cdk/cx-api": "^1.4.0"
      }
    },
    "@aws-cdk/core": {
      "version": "1.4.0",
      "resolved": "https://registry.npmjs.org/@aws-cdk/core/-/core-1.4.0.tgz",
      "integrity": "sha512-Vo53PCE/oY+0aqQXim19JrSG+tylo1TRECtK6criLoAmQXjkUD96/hlJnWN+fpnSDUP00DBLvGJVyNzG5edT8A==",
      "requires": {
        "@aws-cdk/cx-api": "^1.4.0"
      }
    },
    "@aws-cdk/cx-api": {
      "version": "1.4.0",
      "resolved": "https://registry.npmjs.org/@aws-cdk/cx-api/-/cx-api-1.4.0.tgz",
      "integrity": "sha512-N4W3SY82gZ0YxcC5ebBdO9dLRnrcPDXACGsUPo+pH1+TrFnKH8u1UF3xq7BfauZn9AKs72M5yvV1VUbQhHifpw==",
      "requires": {
        "semver": "^6.3.0"
      },
      "dependencies": {
        "semver": {
          "version": "6.3.0",
          "bundled": true
        }
      }
    },
    "@aws-cdk/region-info": {
      "version": "1.4.0",
      "resolved": "https://registry.npmjs.org/@aws-cdk/region-info/-/region-info-1.4.0.tgz",
      "integrity": "sha512-xmL5RlURNj4xbu4+54Z2IKK0V3ww3G2UcccuYbJ0GSns8bSyLIwYmR7vyq7cZiFDkR7ZeOHk3sLic7NRlU4uDg=="
    },
    "@types/node": {
      "version": "8.10.45",
      "resolved": "https://registry.npmjs.org/@types/node/-/node-8.10.45.tgz",
      "integrity": "sha512-tGVTbA+i3qfXsLbq9rEq/hezaHY55QxQLeXQL2ejNgFAxxrgu8eMmYIOsRcl7hN1uTLVsKOOYacV/rcJM3sfgQ==",
      "dev": true
    },
    "arg": {
      "version": "4.1.1",
      "resolved": "https://registry.npmjs.org/arg/-/arg-4.1.1.tgz",
      "integrity": "sha512-SlmP3fEA88MBv0PypnXZ8ZfJhwmDeIE3SP71j37AiXQBXYosPV0x6uISAaHYSlSVhmHOVkomen0tbGk6Anlebw==",
      "dev": true
    },
    "aws-cdk": {
      "version": "1.174.0",
      "resolved": "https://registry.npmjs.org/aws-cdk/-/aws-cdk-1.174.0.tgz",
      "integrity": "sha512-cAnJ1vx8p0sFoHR5IP4YKd4l3lN7s9Y7+umwb4eNgWr+XSgUbuYiJgS/FD57hIbHN1uoBih3QAE0RA62LVJSFw==",
      "dev": true,
      "requires": {
        "fsevents": "2.3.2"
      }
    },
    "buffer-from": {
      "version": "1.1.1",
      "resolved": "https://registry.npmjs.org/buffer-from/-/buffer-from-1.1.1.tgz",
      "integrity": "sha512-MQcXEUbCKtEo7bhqEs6560Hyd4XaovZlO/k9V3hjVUF/zwW7KBVdSK4gIt/bzwS9MbR5qob+F5jusZsb0YQK2A==",
      "dev": true
    },
    "diff": {
      "version": "4.0.1",
      "resolved": "https://registry.npmjs.org/diff/-/diff-4.0.1.tgz",
      "integrity": "sha512-s2+XdvhPCOF01LRQBC8hf4vhbVmI2CGS5aZnxLJlT5FtdhPCDFq80q++zK2KlrVorVDdL5BOGZ/VfLrVtYNF+Q==",
      "dev": true
    },
    "fsevents": {
      "version": "2.3.2",
      "resolved": "https://registry.npmjs.org/fsevents/-/fsevents-2.3.2.tgz",
      "integrity": "sha512-xiqMQR4xAeHTuB9uWm+fFRcIOgKBMiOBP+eXiyT7jsgVCq1bkVygt00oASowB7EdtpOHaaPgKt812P9ab+DDKA==",
      "dev": true,
      "optional": true
    },
    "make-error": {
      "version": "1.3.5",
      "resolved": "https://registry.npmjs.org/make-error/-/make-error-1.3.5.tgz",
      "integrity": "sha512-c3sIjNUow0+8swNwVpqoH4YCShKNFkMaw6oH1mNS2haDZQqkeZFlHS3dhoeEbKKmJB4vXpJucU6oH75aDYeE9g==",
      "dev": true
    },
    "source-map": {
      "version": "0.6.1",
      "resolved": "https://registry.npmjs.org/source-map/-/source-map-0.6.1.tgz",
      "integrity": "sha512-UjgapumWlbMhkBgzT7Ykc5YXUT46F0iKu8SGXq0bcwP5dz/h0Plj6enJqjz1Zbq2l5WaqYnrVbwWOWMyF3F47g==",
      "dev": true
    },
    "source-map-support": {
      "version": "0.5.13",
      "resolved": "https://registry.npmjs.org/source-map-support/-/source-map-support-0.5.13.tgz",
      "integrity": "sha512-SHSKFHadjVA5oR4PPqhtAVdcBWwRYVd6g6cAXnIbRiIwc2EhPrTuKUBdSLvlEKyIP3GCf89fltvcZiP9MMFA1w==",
      "dev": true,
      "requires": {
        "buffer-from": "^1.0.0",
        "source-map": "^0.6.0"
      }
    },
    "ts-node": {
      "version": "8.3.0",
      "resolved": "https://registry.npmjs.org/ts-node/-/ts-node-8.3.0.tgz",
      "integrity": "sha512-dyNS/RqyVTDcmNM4NIBAeDMpsAdaQ+ojdf0GOLqE6nwJOgzEkdRNzJywhDfwnuvB10oa6NLVG1rUJQCpRN7qoQ==",
      "dev": true,
      "requires": {
        "arg": "^4.1.0",
        "diff": "^4.0.1",
        "make-error": "^1.1.1",
        "source-map-support": "^0.5.6",
        "yn": "^3.0.0"
      }
    },
    "typescript": {
      "version": "3.5.3",
      "resolved": "https://registry.npmjs.org/typescript/-/typescript-3.5.3.tgz",
      "integrity": "sha512-ACzBtm/PhXBDId6a6sDJfroT2pOWt/oOnk4/dElG5G33ZL776N3Y6/6bKZJBFpd+b05F3Ct9qDjMeJmRWtE2/g==",
      "dev": true
    },
    "yn": {
      "version": "3.1.1",
      "resolved": "https://registry.npmjs.org/yn/-/yn-3.1.1.tgz",
      "integrity": "sha512-Ux4ygGWsu2c7isFWe8Yu1YluJmqVhxqK2cLXNQA5AcC3QfbGNpM7fu0Y8b/z16pXLnFxZYvWhd3fhBY9DLmC6Q==",
      "dev": true
    }
  }
}
